# GENERATED FILE - DO NOT EDIT DIRECTLY
schema_version: 1

bundle:
  version: "0.1.0-dev"
  release_sequence: 0
  channel: "development"
  source_commit: "5912c2259c99ac300eaea6b6d7b982eefd90a854"
  digest: "sha256:1c7ead28013248601e7e8522b2242140ace706bb25e975a8a13df6d52e2b56e7"

projection:
  input_digest: "sha256:c0cef1af39fe989546ec556ef712b26a57e0875b3b52e0f3269e33fb2670e983"
  output_digest: "sha256:00e541a420e5edaf834783fdaa0307048e442fafcb665f2b094f27969cff5746"
  files:
    - path: ".claude/CLAUDE.md"
      digest: "sha256:7b50d15feae7b63b94d845b2fa6e19e3220527c5b0cac69303b7fc19bd7484a8"
    - path: ".gds/compiled-policy.json"
      digest: "sha256:4989b5e6e277480e1fc154ff78088dc153954f2557086e2cda46c876a92e1d2b"
    - path: "AGENTS.md"
      digest: "sha256:37a41633f771e7a95804071538e67836c47c36a142237a2fb8097297b34113d8"
