# GENERATED FILE - DO NOT EDIT DIRECTLY
schema_version: 1

bundle:
  version: "0.1.0-dev"
  release_sequence: 0
  channel: "development"
  source_commit: "97e8bbaa3a0734b156b03bad704503bc46d7575b"
  digest: "sha256:fd66beb15c847e94b68a00083df5f218c22f4e1174d39d4bd10ed7fb321b13bc"

projection:
  input_digest: "sha256:ae14c8f33893068b3b380a1e2644fda6b654b3bdeb5f976537942d694c189218"
  output_digest: "sha256:e11ae30cd50f4226e1d4bbc1db71a59a2a331fe6df76c334d44bfffd1bd9661d"
  files:
    - path: ".claude/CLAUDE.md"
      digest: "sha256:b7893a647347afdb1de798faf15296f17e7d8a9d2d71a863ba58f989ef545d47"
    - path: ".gds/compiled-policy.json"
      digest: "sha256:4989b5e6e277480e1fc154ff78088dc153954f2557086e2cda46c876a92e1d2b"
    - path: "AGENTS.md"
      digest: "sha256:1b8e9f9b1b05cbdb3f2f49ef2ae8f07ae160f584808b2cb16a3a9ea573e71c1d"
